
Microsoft Visual Studio Solution File, Format Version 12.00
# Visual Studio Version 16
VisualStudioVersion = 16.0.30804.86
MinimumVisualStudioVersion = 10.0.40219.1
Project("{FAE04EC0-301F-11D3-BF4B-00C04F79EFBC}") = "Jakab_acs_eszter_tesztverseny_2021.01.26", "Jakab_acs_eszter_tesztverseny_2021.01.26\Jakab_acs_eszter_tesztverseny_2021.01.26.csproj", "{20E74A47-63DE-4037-89B6-4131E90F16ED}"
EndProject
Global
	GlobalSection(SolutionConfigurationPlatforms) = preSolution
		Debug|Any CPU = Debug|Any CPU
		Release|Any CPU = Release|Any CPU
	EndGlobalSection
	GlobalSection(ProjectConfigurationPlatforms) = postSolution
		{20E74A47-63DE-4037-89B6-4131E90F16ED}.Debug|Any CPU.ActiveCfg = Debug|Any CPU
		{20E74A47-63DE-4037-89B6-4131E90F16ED}.Debug|Any CPU.Build.0 = Debug|Any CPU
		{20E74A47-63DE-4037-89B6-4131E90F16ED}.Release|Any CPU.ActiveCfg = Release|Any CPU
		{20E74A47-63DE-4037-89B6-4131E90F16ED}.Release|Any CPU.Build.0 = Release|Any CPU
	EndGlobalSection
	GlobalSection(SolutionProperties) = preSolution
		HideSolutionNode = FALSE
	EndGlobalSection
	GlobalSection(ExtensibilityGlobals) = postSolution
		SolutionGuid = {77DEB916-9C35-4450-9D58-ADD082AB9286}
	EndGlobalSection
EndGlobal
